// !$*UTF8*$!
{
	archiveVersion = 1;
	classes = {
	};
	objectVersion = 50;
	objects = {

/* Begin PBXBuildFile section */
		D7591C1C25010B7D00AA60D4 /* AppDelegate.swift in Sources */ = {isa = PBXBuildFile; fileRef = D7591C1B25010B7D00AA60D4 /* AppDelegate.swift */; };
		D7591C2025010B7D00AA60D4 /* ViewController.swift in Sources */ = {isa = PBXBuildFile; fileRef = D7591C1F25010B7D00AA60D4 /* ViewController.swift */; };
		D7591C2325010B7D00AA60D4 /* Main.storyboard in Resources */ = {isa = PBXBuildFile; fileRef = D7591C2125010B7D00AA60D4 /* Main.storyboard */; };
		D7591C2525010B8300AA60D4 /* Assets.xcassets in Resources */ = {isa = PBXBuildFile; fileRef = D7591C2425010B8300AA60D4 /* Assets.xcassets */; };
		D7591C2825010B8300AA60D4 /* LaunchScreen.storyboard in Resources */ = {isa = PBXBuildFile; fileRef = D7591C2625010B8300AA60D4 /* LaunchScreen.storyboard */; };
		D7591C442506179200AA60D4 /* Constants.swift in Sources */ = {isa = PBXBuildFile; fileRef = D7591C332506179200AA60D4 /* Constants.swift */; };
		D7591C452506179200AA60D4 /* Storage.swift in Sources */ = {isa = PBXBuildFile; fileRef = D7591C342506179200AA60D4 /* Storage.swift */; };
		D7591C462506179200AA60D4 /* SyncManager.swift in Sources */ = {isa = PBXBuildFile; fileRef = D7591C352506179200AA60D4 /* SyncManager.swift */; };
		D7591C472506179200AA60D4 /* IotLogger.swift in Sources */ = {isa = PBXBuildFile; fileRef = D7591C362506179200AA60D4 /* IotLogger.swift */; };
		D7591C482506179200AA60D4 /* EmptyResponse.swift in Sources */ = {isa = PBXBuildFile; fileRef = D7591C382506179200AA60D4 /* EmptyResponse.swift */; };
		D7591C492506179200AA60D4 /* Log.swift in Sources */ = {isa = PBXBuildFile; fileRef = D7591C392506179200AA60D4 /* Log.swift */; };
		D7591C4A2506179200AA60D4 /* IotError.swift in Sources */ = {isa = PBXBuildFile; fileRef = D7591C3A2506179200AA60D4 /* IotError.swift */; };
		D7591C4B2506179200AA60D4 /* MetricWithValue.swift in Sources */ = {isa = PBXBuildFile; fileRef = D7591C3B2506179200AA60D4 /* MetricWithValue.swift */; };
		D7591C4C2506179200AA60D4 /* MetricValue.swift in Sources */ = {isa = PBXBuildFile; fileRef = D7591C3C2506179200AA60D4 /* MetricValue.swift */; };
		D7591C4D2506179200AA60D4 /* MetricShort.swift in Sources */ = {isa = PBXBuildFile; fileRef = D7591C3D2506179200AA60D4 /* MetricShort.swift */; };
		D7591C4E2506179200AA60D4 /* Configuration.swift in Sources */ = {isa = PBXBuildFile; fileRef = D7591C3E2506179200AA60D4 /* Configuration.swift */; };
		D7591C4F2506179200AA60D4 /* UploadManager.swift in Sources */ = {isa = PBXBuildFile; fileRef = D7591C3F2506179200AA60D4 /* UploadManager.swift */; };
		D7591C502506179200AA60D4 /* IotTracker.swift in Sources */ = {isa = PBXBuildFile; fileRef = D7591C402506179200AA60D4 /* IotTracker.swift */; };
		D7591C512506179200AA60D4 /* ApiConstants.swift in Sources */ = {isa = PBXBuildFile; fileRef = D7591C422506179200AA60D4 /* ApiConstants.swift */; };
		D7591C522506179200AA60D4 /* ApiManager.swift in Sources */ = {isa = PBXBuildFile; fileRef = D7591C432506179200AA60D4 /* ApiManager.swift */; };
		D7591C53250617AD00AA60D4 /* IotTracker.swift in Headers */ = {isa = PBXBuildFile; fileRef = D7591C402506179200AA60D4 /* IotTracker.swift */; settings = {ATTRIBUTES = (Public, ); }; };
		D7591C552506189700AA60D4 /* iotLibrary.framework in Frameworks */ = {isa = PBXBuildFile; fileRef = D7591C0A25010B3C00AA60D4 /* iotLibrary.framework */; };
		D7591C562506189700AA60D4 /* iotLibrary.framework in Embed Frameworks */ = {isa = PBXBuildFile; fileRef = D7591C0A25010B3C00AA60D4 /* iotLibrary.framework */; settings = {ATTRIBUTES = (CodeSignOnCopy, RemoveHeadersOnCopy, ); }; };
/* End PBXBuildFile section */

/* Begin PBXContainerItemProxy section */
		D7591C572506189700AA60D4 /* PBXContainerItemProxy */ = {
			isa = PBXContainerItemProxy;
			containerPortal = D7591C0125010B3C00AA60D4 /* Project object */;
			proxyType = 1;
			remoteGlobalIDString = D7591C0925010B3C00AA60D4;
			remoteInfo = iotLibrary;
		};
/* End PBXContainerItemProxy section */

/* Begin PBXCopyFilesBuildPhase section */
		D7591C592506189700AA60D4 /* Embed Frameworks */ = {
			isa = PBXCopyFilesBuildPhase;
			buildActionMask = 2147483647;
			dstPath = "";
			dstSubfolderSpec = 10;
			files = (
				D7591C562506189700AA60D4 /* iotLibrary.framework in Embed Frameworks */,
			);
			name = "Embed Frameworks";
			runOnlyForDeploymentPostprocessing = 0;
		};
/* End PBXCopyFilesBuildPhase section */

/* Begin PBXFileReference section */
		D7591C0A25010B3C00AA60D4 /* iotLibrary.framework */ = {isa = PBXFileReference; explicitFileType = wrapper.framework; includeInIndex = 0; path = iotLibrary.framework; sourceTree = BUILT_PRODUCTS_DIR; };
		D7591C0D25010B3C00AA60D4 /* iotLibrary.h */ = {isa = PBXFileReference; lastKnownFileType = sourcecode.c.h; path = iotLibrary.h; sourceTree = "<group>"; };
		D7591C0E25010B3C00AA60D4 /* Info.plist */ = {isa = PBXFileReference; lastKnownFileType = text.plist.xml; path = Info.plist; sourceTree = "<group>"; };
		D7591C1925010B7D00AA60D4 /* iotLibrarySample.app */ = {isa = PBXFileReference; explicitFileType = wrapper.application; includeInIndex = 0; path = iotLibrarySample.app; sourceTree = BUILT_PRODUCTS_DIR; };
		D7591C1B25010B7D00AA60D4 /* AppDelegate.swift */ = {isa = PBXFileReference; lastKnownFileType = sourcecode.swift; path = AppDelegate.swift; sourceTree = "<group>"; };
		D7591C1F25010B7D00AA60D4 /* ViewController.swift */ = {isa = PBXFileReference; lastKnownFileType = sourcecode.swift; path = ViewController.swift; sourceTree = "<group>"; };
		D7591C2225010B7D00AA60D4 /* Base */ = {isa = PBXFileReference; lastKnownFileType = file.storyboard; name = Base; path = Base.lproj/Main.storyboard; sourceTree = "<group>"; };
		D7591C2425010B8300AA60D4 /* Assets.xcassets */ = {isa = PBXFileReference; lastKnownFileType = folder.assetcatalog; path = Assets.xcassets; sourceTree = "<group>"; };
		D7591C2725010B8300AA60D4 /* Base */ = {isa = PBXFileReference; lastKnownFileType = file.storyboard; name = Base; path = Base.lproj/LaunchScreen.storyboard; sourceTree = "<group>"; };
		D7591C2925010B8300AA60D4 /* Info.plist */ = {isa = PBXFileReference; lastKnownFileType = text.plist.xml; path = Info.plist; sourceTree = "<group>"; };
		D7591C332506179200AA60D4 /* Constants.swift */ = {isa = PBXFileReference; fileEncoding = 4; lastKnownFileType = sourcecode.swift; path = Constants.swift; sourceTree = "<group>"; };
		D7591C342506179200AA60D4 /* Storage.swift */ = {isa = PBXFileReference; fileEncoding = 4; lastKnownFileType = sourcecode.swift; path = Storage.swift; sourceTree = "<group>"; };
		D7591C352506179200AA60D4 /* SyncManager.swift */ = {isa = PBXFileReference; fileEncoding = 4; lastKnownFileType = sourcecode.swift; path = SyncManager.swift; sourceTree = "<group>"; };
		D7591C362506179200AA60D4 /* IotLogger.swift */ = {isa = PBXFileReference; fileEncoding = 4; lastKnownFileType = sourcecode.swift; path = IotLogger.swift; sourceTree = "<group>"; };
		D7591C382506179200AA60D4 /* EmptyResponse.swift */ = {isa = PBXFileReference; fileEncoding = 4; lastKnownFileType = sourcecode.swift; path = EmptyResponse.swift; sourceTree = "<group>"; };
		D7591C392506179200AA60D4 /* Log.swift */ = {isa = PBXFileReference; fileEncoding = 4; lastKnownFileType = sourcecode.swift; path = Log.swift; sourceTree = "<group>"; };
		D7591C3A2506179200AA60D4 /* IotError.swift */ = {isa = PBXFileReference; fileEncoding = 4; lastKnownFileType = sourcecode.swift; path = IotError.swift; sourceTree = "<group>"; };
		D7591C3B2506179200AA60D4 /* MetricWithValue.swift */ = {isa = PBXFileReference; fileEncoding = 4; lastKnownFileType = sourcecode.swift; path = MetricWithValue.swift; sourceTree = "<group>"; };
		D7591C3C2506179200AA60D4 /* MetricValue.swift */ = {isa = PBXFileReference; fileEncoding = 4; lastKnownFileType = sourcecode.swift; path = MetricValue.swift; sourceTree = "<group>"; };
		D7591C3D2506179200AA60D4 /* MetricShort.swift */ = {isa = PBXFileReference; fileEncoding = 4; lastKnownFileType = sourcecode.swift; path = MetricShort.swift; sourceTree = "<group>"; };
		D7591C3E2506179200AA60D4 /* Configuration.swift */ = {isa = PBXFileReference; fileEncoding = 4; lastKnownFileType = sourcecode.swift; path = Configuration.swift; sourceTree = "<group>"; };
		D7591C3F2506179200AA60D4 /* UploadManager.swift */ = {isa = PBXFileReference; fileEncoding = 4; lastKnownFileType = sourcecode.swift; path = UploadManager.swift; sourceTree = "<group>"; };
		D7591C402506179200AA60D4 /* IotTracker.swift */ = {isa = PBXFileReference; fileEncoding = 4; lastKnownFileType = sourcecode.swift; path = IotTracker.swift; sourceTree = "<group>"; };
		D7591C422506179200AA60D4 /* ApiConstants.swift */ = {isa = PBXFileReference; fileEncoding = 4; lastKnownFileType = sourcecode.swift; path = ApiConstants.swift; sourceTree = "<group>"; };
		D7591C432506179200AA60D4 /* ApiManager.swift */ = {isa = PBXFileReference; fileEncoding = 4; lastKnownFileType = sourcecode.swift; path = ApiManager.swift; sourceTree = "<group>"; };
/* End PBXFileReference section */

/* Begin PBXFrameworksBuildPhase section */
		D7591C0725010B3C00AA60D4 /* Frameworks */ = {
			isa = PBXFrameworksBuildPhase;
			buildActionMask = 2147483647;
			files = (
			);
			runOnlyForDeploymentPostprocessing = 0;
		};
		D7591C1625010B7D00AA60D4 /* Frameworks */ = {
			isa = PBXFrameworksBuildPhase;
			buildActionMask = 2147483647;
			files = (
				D7591C552506189700AA60D4 /* iotLibrary.framework in Frameworks */,
			);
			runOnlyForDeploymentPostprocessing = 0;
		};
/* End PBXFrameworksBuildPhase section */

/* Begin PBXGroup section */
		D7591C0025010B3C00AA60D4 = {
			isa = PBXGroup;
			children = (
				D7591C0C25010B3C00AA60D4 /* iotLibrary */,
				D7591C1A25010B7D00AA60D4 /* iotLibrarySample */,
				D7591C0B25010B3C00AA60D4 /* Products */,
				D7591C542506189700AA60D4 /* Frameworks */,
			);
			sourceTree = "<group>";
		};
		D7591C0B25010B3C00AA60D4 /* Products */ = {
			isa = PBXGroup;
			children = (
				D7591C0A25010B3C00AA60D4 /* iotLibrary.framework */,
				D7591C1925010B7D00AA60D4 /* iotLibrarySample.app */,
			);
			name = Products;
			sourceTree = "<group>";
		};
		D7591C0C25010B3C00AA60D4 /* iotLibrary */ = {
			isa = PBXGroup;
			children = (
				D7591C402506179200AA60D4 /* IotTracker.swift */,
				D7591C3F2506179200AA60D4 /* UploadManager.swift */,
				D7591C0D25010B3C00AA60D4 /* iotLibrary.h */,
				D7591C0E25010B3C00AA60D4 /* Info.plist */,
				D7591C322506179200AA60D4 /* Helpers */,
				D7591C412506179200AA60D4 /* Api */,
				D7591C372506179200AA60D4 /* Models */,
			);
			path = iotLibrary;
			sourceTree = "<group>";
		};
		D7591C1A25010B7D00AA60D4 /* iotLibrarySample */ = {
			isa = PBXGroup;
			children = (
				D7591C1B25010B7D00AA60D4 /* AppDelegate.swift */,
				D7591C1F25010B7D00AA60D4 /* ViewController.swift */,
				D7591C2125010B7D00AA60D4 /* Main.storyboard */,
				D7591C2425010B8300AA60D4 /* Assets.xcassets */,
				D7591C2625010B8300AA60D4 /* LaunchScreen.storyboard */,
				D7591C2925010B8300AA60D4 /* Info.plist */,
			);
			path = iotLibrarySample;
			sourceTree = "<group>";
		};
		D7591C322506179200AA60D4 /* Helpers */ = {
			isa = PBXGroup;
			children = (
				D7591C332506179200AA60D4 /* Constants.swift */,
				D7591C342506179200AA60D4 /* Storage.swift */,
				D7591C352506179200AA60D4 /* SyncManager.swift */,
				D7591C362506179200AA60D4 /* IotLogger.swift */,
			);
			path = Helpers;
			sourceTree = "<group>";
		};
		D7591C372506179200AA60D4 /* Models */ = {
			isa = PBXGroup;
			children = (
				D7591C382506179200AA60D4 /* EmptyResponse.swift */,
				D7591C392506179200AA60D4 /* Log.swift */,
				D7591C3A2506179200AA60D4 /* IotError.swift */,
				D7591C3B2506179200AA60D4 /* MetricWithValue.swift */,
				D7591C3C2506179200AA60D4 /* MetricValue.swift */,
				D7591C3D2506179200AA60D4 /* MetricShort.swift */,
				D7591C3E2506179200AA60D4 /* Configuration.swift */,
			);
			path = Models;
			sourceTree = "<group>";
		};
		D7591C412506179200AA60D4 /* Api */ = {
			isa = PBXGroup;
			children = (
				D7591C422506179200AA60D4 /* ApiConstants.swift */,
				D7591C432506179200AA60D4 /* ApiManager.swift */,
			);
			path = Api;
			sourceTree = "<group>";
		};
		D7591C542506189700AA60D4 /* Frameworks */ = {
			isa = PBXGroup;
			children = (
			);
			name = Frameworks;
			sourceTree = "<group>";
		};
/* End PBXGroup section */

/* Begin PBXHeadersBuildPhase section */
		D7591C0525010B3C00AA60D4 /* Headers */ = {
			isa = PBXHeadersBuildPhase;
			buildActionMask = 2147483647;
			files = (
				D7591C53250617AD00AA60D4 /* IotTracker.swift in Headers */,
			);
			runOnlyForDeploymentPostprocessing = 0;
		};
/* End PBXHeadersBuildPhase section */

/* Begin PBXNativeTarget section */
		D7591C0925010B3C00AA60D4 /* iotLibrary */ = {
			isa = PBXNativeTarget;
			buildConfigurationList = D7591C1225010B3C00AA60D4 /* Build configuration list for PBXNativeTarget "iotLibrary" */;
			buildPhases = (
				D7591C0525010B3C00AA60D4 /* Headers */,
				D7591C0625010B3C00AA60D4 /* Sources */,
				D7591C0725010B3C00AA60D4 /* Frameworks */,
				D7591C0825010B3C00AA60D4 /* Resources */,
			);
			buildRules = (
			);
			dependencies = (
			);
			name = iotLibrary;
			productName = iotLibrary;
			productReference = D7591C0A25010B3C00AA60D4 /* iotLibrary.framework */;
			productType = "com.apple.product-type.framework";
		};
		D7591C1825010B7D00AA60D4 /* iotLibrarySample */ = {
			isa = PBXNativeTarget;
			buildConfigurationList = D7591C2A25010B8300AA60D4 /* Build configuration list for PBXNativeTarget "iotLibrarySample" */;
			buildPhases = (
				D7591C1525010B7D00AA60D4 /* Sources */,
				D7591C1625010B7D00AA60D4 /* Frameworks */,
				D7591C1725010B7D00AA60D4 /* Resources */,
				D7591C592506189700AA60D4 /* Embed Frameworks */,
			);
			buildRules = (
			);
			dependencies = (
				D7591C582506189700AA60D4 /* PBXTargetDependency */,
			);
			name = iotLibrarySample;
			productName = iotLibrarySample;
			productReference = D7591C1925010B7D00AA60D4 /* iotLibrarySample.app */;
			productType = "com.apple.product-type.application";
		};
/* End PBXNativeTarget section */

/* Begin PBXProject section */
		D7591C0125010B3C00AA60D4 /* Project object */ = {
			isa = PBXProject;
			attributes = {
				LastSwiftUpdateCheck = 1160;
				LastUpgradeCheck = 1160;
				ORGANIZATIONNAME = Zynk;
				TargetAttributes = {
					D7591C0925010B3C00AA60D4 = {
						CreatedOnToolsVersion = 11.6;
						LastSwiftMigration = 1160;
					};
					D7591C1825010B7D00AA60D4 = {
						CreatedOnToolsVersion = 11.6;
					};
				};
			};
			buildConfigurationList = D7591C0425010B3C00AA60D4 /* Build configuration list for PBXProject "iotLibrary" */;
			compatibilityVersion = "Xcode 9.3";
			developmentRegion = en;
			hasScannedForEncodings = 0;
			knownRegions = (
				en,
				Base,
			);
			mainGroup = D7591C0025010B3C00AA60D4;
			productRefGroup = D7591C0B25010B3C00AA60D4 /* Products */;
			projectDirPath = "";
			projectRoot = "";
			targets = (
				D7591C0925010B3C00AA60D4 /* iotLibrary */,
				D7591C1825010B7D00AA60D4 /* iotLibrarySample */,
			);
		};
/* End PBXProject section */

/* Begin PBXResourcesBuildPhase section */
		D7591C0825010B3C00AA60D4 /* Resources */ = {
			isa = PBXResourcesBuildPhase;
			buildActionMask = 2147483647;
			files = (
			);
			runOnlyForDeploymentPostprocessing = 0;
		};
		D7591C1725010B7D00AA60D4 /* Resources */ = {
			isa = PBXResourcesBuildPhase;
			buildActionMask = 2147483647;
			files = (
				D7591C2825010B8300AA60D4 /* LaunchScreen.storyboard in Resources */,
				D7591C2525010B8300AA60D4 /* Assets.xcassets in Resources */,
				D7591C2325010B7D00AA60D4 /* Main.storyboard in Resources */,
			);
			runOnlyForDeploymentPostprocessing = 0;
		};
/* End PBXResourcesBuildPhase section */

/* Begin PBXSourcesBuildPhase section */
		D7591C0625010B3C00AA60D4 /* Sources */ = {
			isa = PBXSourcesBuildPhase;
			buildActionMask = 2147483647;
			files = (
				D7591C512506179200AA60D4 /* ApiConstants.swift in Sources */,
				D7591C462506179200AA60D4 /* SyncManager.swift in Sources */,
				D7591C502506179200AA60D4 /* IotTracker.swift in Sources */,
				D7591C4C2506179200AA60D4 /* MetricValue.swift in Sources */,
				D7591C4F2506179200AA60D4 /* UploadManager.swift in Sources */,
				D7591C442506179200AA60D4 /* Constants.swift in Sources */,
				D7591C492506179200AA60D4 /* Log.swift in Sources */,
				D7591C522506179200AA60D4 /* ApiManager.swift in Sources */,
				D7591C4D2506179200AA60D4 /* MetricShort.swift in Sources */,
				D7591C472506179200AA60D4 /* IotLogger.swift in Sources */,
				D7591C482506179200AA60D4 /* EmptyResponse.swift in Sources */,
				D7591C4B2506179200AA60D4 /* MetricWithValue.swift in Sources */,
				D7591C4A2506179200AA60D4 /* IotError.swift in Sources */,
				D7591C452506179200AA60D4 /* Storage.swift in Sources */,
				D7591C4E2506179200AA60D4 /* Configuration.swift in Sources */,
			);
			runOnlyForDeploymentPostprocessing = 0;
		};
		D7591C1525010B7D00AA60D4 /* Sources */ = {
			isa = PBXSourcesBuildPhase;
			buildActionMask = 2147483647;
			files = (
				D7591C2025010B7D00AA60D4 /* ViewController.swift in Sources */,
				D7591C1C25010B7D00AA60D4 /* AppDelegate.swift in Sources */,
			);
			runOnlyForDeploymentPostprocessing = 0;
		};
/* End PBXSourcesBuildPhase section */

/* Begin PBXTargetDependency section */
		D7591C582506189700AA60D4 /* PBXTargetDependency */ = {
			isa = PBXTargetDependency;
			target = D7591C0925010B3C00AA60D4 /* iotLibrary */;
			targetProxy = D7591C572506189700AA60D4 /* PBXContainerItemProxy */;
		};
/* End PBXTargetDependency section */

/* Begin PBXVariantGroup section */
		D7591C2125010B7D00AA60D4 /* Main.storyboard */ = {
			isa = PBXVariantGroup;
			children = (
				D7591C2225010B7D00AA60D4 /* Base */,
			);
			name = Main.storyboard;
			sourceTree = "<group>";
		};
		D7591C2625010B8300AA60D4 /* LaunchScreen.storyboard */ = {
			isa = PBXVariantGroup;
			children = (
				D7591C2725010B8300AA60D4 /* Base */,
			);
			name = LaunchScreen.storyboard;
			sourceTree = "<group>";
		};
/* End PBXVariantGroup section */

/* Begin XCBuildConfiguration section */
		D7591C1025010B3C00AA60D4 /* Debug */ = {
			isa = XCBuildConfiguration;
			buildSettings = {
				ALWAYS_SEARCH_USER_PATHS = NO;
				CLANG_ANALYZER_NONNULL = YES;
				CLANG_ANALYZER_NUMBER_OBJECT_CONVERSION = YES_AGGRESSIVE;
				CLANG_CXX_LANGUAGE_STANDARD = "gnu++14";
				CLANG_CXX_LIBRARY = "libc++";
				CLANG_ENABLE_MODULES = YES;
				CLANG_ENABLE_OBJC_ARC = YES;
				CLANG_ENABLE_OBJC_WEAK = YES;
				CLANG_WARN_BLOCK_CAPTURE_AUTORELEASING = YES;
				CLANG_WARN_BOOL_CONVERSION = YES;
				CLANG_WARN_COMMA = YES;
				CLANG_WARN_CONSTANT_CONVERSION = YES;
				CLANG_WARN_DEPRECATED_OBJC_IMPLEMENTATIONS = YES;
				CLANG_WARN_DIRECT_OBJC_ISA_USAGE = YES_ERROR;
				CLANG_WARN_DOCUMENTATION_COMMENTS = YES;
				CLANG_WARN_EMPTY_BODY = YES;
				CLANG_WARN_ENUM_CONVERSION = YES;
				CLANG_WARN_INFINITE_RECURSION = YES;
				CLANG_WARN_INT_CONVERSION = YES;
				CLANG_WARN_NON_LITERAL_NULL_CONVERSION = YES;
				CLANG_WARN_OBJC_IMPLICIT_RETAIN_SELF = YES;
				CLANG_WARN_OBJC_LITERAL_CONVERSION = YES;
				CLANG_WARN_OBJC_ROOT_CLASS = YES_ERROR;
				CLANG_WARN_RANGE_LOOP_ANALYSIS = YES;
				CLANG_WARN_STRICT_PROTOTYPES = YES;
				CLANG_WARN_SUSPICIOUS_MOVE = YES;
				CLANG_WARN_UNGUARDED_AVAILABILITY = YES_AGGRESSIVE;
				CLANG_WARN_UNREACHABLE_CODE = YES;
				CLANG_WARN__DUPLICATE_METHOD_MATCH = YES;
				COPY_PHASE_STRIP = NO;
				CURRENT_PROJECT_VERSION = 1;
				DEBUG_INFORMATION_FORMAT = dwarf;
				ENABLE_STRICT_OBJC_MSGSEND = YES;
				ENABLE_TESTABILITY = YES;
				GCC_C_LANGUAGE_STANDARD = gnu11;
				GCC_DYNAMIC_NO_PIC = NO;
				GCC_NO_COMMON_BLOCKS = YES;
				GCC_OPTIMIZATION_LEVEL = 0;
				GCC_PREPROCESSOR_DEFINITIONS = (
					"DEBUG=1",
					"$(inherited)",
				);
				GCC_WARN_64_TO_32_BIT_CONVERSION = YES;
				GCC_WARN_ABOUT_RETURN_TYPE = YES_ERROR;
				GCC_WARN_UNDECLARED_SELECTOR = YES;
				GCC_WARN_UNINITIALIZED_AUTOS = YES_AGGRESSIVE;
				GCC_WARN_UNUSED_FUNCTION = YES;
				GCC_WARN_UNUSED_VARIABLE = YES;
				IPHONEOS_DEPLOYMENT_TARGET = 13.6;
				MTL_ENABLE_DEBUG_INFO = INCLUDE_SOURCE;
				MTL_FAST_MATH = YES;
				ONLY_ACTIVE_ARCH = YES;
				SDKROOT = iphoneos;
				SWIFT_ACTIVE_COMPILATION_CONDITIONS = DEBUG;
				SWIFT_OPTIMIZATION_LEVEL = "-Onone";
				VERSIONING_SYSTEM = "apple-generic";
				VERSION_INFO_PREFIX = "";
			};
			name = Debug;
		};
		D7591C1125010B3C00AA60D4 /* Release */ = {
			isa = XCBuildConfiguration;
			buildSettings = {
				ALWAYS_SEARCH_USER_PATHS = NO;
				CLANG_ANALYZER_NONNULL = YES;
				CLANG_ANALYZER_NUMBER_OBJECT_CONVERSION = YES_AGGRESSIVE;
				CLANG_CXX_LANGUAGE_STANDARD = "gnu++14";
				CLANG_CXX_LIBRARY = "libc++";
				CLANG_ENABLE_MODULES = YES;
				CLANG_ENABLE_OBJC_ARC = YES;
				CLANG_ENABLE_OBJC_WEAK = YES;
				CLANG_WARN_BLOCK_CAPTURE_AUTORELEASING = YES;
				CLANG_WARN_BOOL_CONVERSION = YES;
				CLANG_WARN_COMMA = YES;
				CLANG_WARN_CONSTANT_CONVERSION = YES;
				CLANG_WARN_DEPRECATED_OBJC_IMPLEMENTATIONS = YES;
				CLANG_WARN_DIRECT_OBJC_ISA_USAGE = YES_ERROR;
				CLANG_WARN_DOCUMENTATION_COMMENTS = YES;
				CLANG_WARN_EMPTY_BODY = YES;
				CLANG_WARN_ENUM_CONVERSION = YES;
				CLANG_WARN_INFINITE_RECURSION = YES;
				CLANG_WARN_INT_CONVERSION = YES;
				CLANG_WARN_NON_LITERAL_NULL_CONVERSION = YES;
				CLANG_WARN_OBJC_IMPLICIT_RETAIN_SELF = YES;
				CLANG_WARN_OBJC_LITERAL_CONVERSION = YES;
				CLANG_WARN_OBJC_ROOT_CLASS = YES_ERROR;
				CLANG_WARN_RANGE_LOOP_ANALYSIS = YES;
				CLANG_WARN_STRICT_PROTOTYPES = YES;
				CLANG_WARN_SUSPICIOUS_MOVE = YES;
				CLANG_WARN_UNGUARDED_AVAILABILITY = YES_AGGRESSIVE;
				CLANG_WARN_UNREACHABLE_CODE = YES;
				CLANG_WARN__DUPLICATE_METHOD_MATCH = YES;
				COPY_PHASE_STRIP = NO;
				CURRENT_PROJECT_VERSION = 1;
				DEBUG_INFORMATION_FORMAT = "dwarf-with-dsym";
				ENABLE_NS_ASSERTIONS = NO;
				ENABLE_STRICT_OBJC_MSGSEND = YES;
				GCC_C_LANGUAGE_STANDARD = gnu11;
				GCC_NO_COMMON_BLOCKS = YES;
				GCC_WARN_64_TO_32_BIT_CONVERSION = YES;
				GCC_WARN_ABOUT_RETURN_TYPE = YES_ERROR;
				GCC_WARN_UNDECLARED_SELECTOR = YES;
				GCC_WARN_UNINITIALIZED_AUTOS = YES_AGGRESSIVE;
				GCC_WARN_UNUSED_FUNCTION = YES;
				GCC_WARN_UNUSED_VARIABLE = YES;
				IPHONEOS_DEPLOYMENT_TARGET = 13.6;
				MTL_ENABLE_DEBUG_INFO = NO;
				MTL_FAST_MATH = YES;
				SDKROOT = iphoneos;
				SWIFT_COMPILATION_MODE = wholemodule;
				SWIFT_OPTIMIZATION_LEVEL = "-O";
				VALIDATE_PRODUCT = YES;
				VERSIONING_SYSTEM = "apple-generic";
				VERSION_INFO_PREFIX = "";
			};
			name = Release;
		};
		D7591C1325010B3C00AA60D4 /* Debug */ = {
			isa = XCBuildConfiguration;
			buildSettings = {
				CLANG_ENABLE_MODULES = YES;
				CODE_SIGN_STYLE = Automatic;
				DEFINES_MODULE = YES;
				DEVELOPMENT_TEAM = 8B7CSDWGNH;
				DYLIB_COMPATIBILITY_VERSION = 1;
				DYLIB_CURRENT_VERSION = 1;
				DYLIB_INSTALL_NAME_BASE = "@rpath";
				INFOPLIST_FILE = iotLibrary/Info.plist;
				INSTALL_PATH = "$(LOCAL_LIBRARY_DIR)/Frameworks";
				IPHONEOS_DEPLOYMENT_TARGET = 11.0;
				LD_RUNPATH_SEARCH_PATHS = (
					"$(inherited)",
					"@executable_path/Frameworks",
					"@loader_path/Frameworks",
				);
				PRODUCT_BUNDLE_IDENTIFIER = com.zynksoftware.iotLibrary;
				PRODUCT_NAME = "$(TARGET_NAME:c99extidentifier)";
				SKIP_INSTALL = YES;
				SWIFT_OPTIMIZATION_LEVEL = "-Onone";
				SWIFT_VERSION = 5.0;
				TARGETED_DEVICE_FAMILY = "1,2";
			};
			name = Debug;
		};
		D7591C1425010B3C00AA60D4 /* Release */ = {
			isa = XCBuildConfiguration;
			buildSettings = {
				CLANG_ENABLE_MODULES = YES;
				CODE_SIGN_STYLE = Automatic;
				DEFINES_MODULE = YES;
				DEVELOPMENT_TEAM = 8B7CSDWGNH;
				DYLIB_COMPATIBILITY_VERSION = 1;
				DYLIB_CURRENT_VERSION = 1;
				DYLIB_INSTALL_NAME_BASE = "@rpath";
				INFOPLIST_FILE = iotLibrary/Info.plist;
				INSTALL_PATH = "$(LOCAL_LIBRARY_DIR)/Frameworks";
				IPHONEOS_DEPLOYMENT_TARGET = 11.0;
				LD_RUNPATH_SEARCH_PATHS = (
					"$(inherited)",
					"@executable_path/Frameworks",
					"@loader_path/Frameworks",
				);
				PRODUCT_BUNDLE_IDENTIFIER = com.zynksoftware.iotLibrary;
				PRODUCT_NAME = "$(TARGET_NAME:c99extidentifier)";
				SKIP_INSTALL = YES;
				SWIFT_VERSION = 5.0;
				TARGETED_DEVICE_FAMILY = "1,2";
			};
			name = Release;
		};
		D7591C2B25010B8300AA60D4 /* Debug */ = {
			isa = XCBuildConfiguration;
			buildSettings = {
				ASSETCATALOG_COMPILER_APPICON_NAME = AppIcon;
				CODE_SIGN_STYLE = Automatic;
				DEVELOPMENT_TEAM = 8B7CSDWGNH;
				INFOPLIST_FILE = iotLibrarySample/Info.plist;
				IPHONEOS_DEPLOYMENT_TARGET = 11.0;
				LD_RUNPATH_SEARCH_PATHS = (
					"$(inherited)",
					"@executable_path/Frameworks",
				);
				PRODUCT_BUNDLE_IDENTIFIER = com.zynksoftware.iotLibrarySample;
				PRODUCT_NAME = "$(TARGET_NAME)";
				SWIFT_VERSION = 5.0;
				TARGETED_DEVICE_FAMILY = "1,2";
			};
			name = Debug;
		};
		D7591C2C25010B8300AA60D4 /* Release */ = {
			isa = XCBuildConfiguration;
			buildSettings = {
				ASSETCATALOG_COMPILER_APPICON_NAME = AppIcon;
				CODE_SIGN_STYLE = Automatic;
				DEVELOPMENT_TEAM = 8B7CSDWGNH;
				INFOPLIST_FILE = iotLibrarySample/Info.plist;
				IPHONEOS_DEPLOYMENT_TARGET = 11.0;
				LD_RUNPATH_SEARCH_PATHS = (
					"$(inherited)",
					"@executable_path/Frameworks",
				);
				PRODUCT_BUNDLE_IDENTIFIER = com.zynksoftware.iotLibrarySample;
				PRODUCT_NAME = "$(TARGET_NAME)";
				SWIFT_VERSION = 5.0;
				TARGETED_DEVICE_FAMILY = "1,2";
			};
			name = Release;
		};
/* End XCBuildConfiguration section */

/* Begin XCConfigurationList section */
		D7591C0425010B3C00AA60D4 /* Build configuration list for PBXProject "iotLibrary" */ = {
			isa = XCConfigurationList;
			buildConfigurations = (
				D7591C1025010B3C00AA60D4 /* Debug */,
				D7591C1125010B3C00AA60D4 /* Release */,
			);
			defaultConfigurationIsVisible = 0;
			defaultConfigurationName = Release;
		};
		D7591C1225010B3C00AA60D4 /* Build configuration list for PBXNativeTarget "iotLibrary" */ = {
			isa = XCConfigurationList;
			buildConfigurations = (
				D7591C1325010B3C00AA60D4 /* Debug */,
				D7591C1425010B3C00AA60D4 /* Release */,
			);
			defaultConfigurationIsVisible = 0;
			defaultConfigurationName = Release;
		};
		D7591C2A25010B8300AA60D4 /* Build configuration list for PBXNativeTarget "iotLibrarySample" */ = {
			isa = XCConfigurationList;
			buildConfigurations = (
				D7591C2B25010B8300AA60D4 /* Debug */,
				D7591C2C25010B8300AA60D4 /* Release */,
			);
			defaultConfigurationIsVisible = 0;
			defaultConfigurationName = Release;
		};
/* End XCConfigurationList section */
	};
	rootObject = D7591C0125010B3C00AA60D4 /* Project object */;
}
